
Microsoft Visual Studio Solution File, Format Version 12.00
# Visual Studio Version 17
VisualStudioVersion = 17.14.36511.14
MinimumVisualStudioVersion = 10.0.40219.1
Project("{2150E333-8FDC-42A3-9474-1A3956D46DE8}") = "Taks0", "Taks0", "{02EA681E-C7D8-13C7-8484-4AC65E1B71E8}"
EndProject
Project("{FAE04EC0-301F-11D3-BF4B-00C04F79EFBC}") = "Tyuiu.LeushinP.Sprint2.Task0.V26", "Tyuiu.LeushinP.Sprint2.Task0.V26\Tyuiu.LeushinP.Sprint2.Task0.V26.csproj", "{345F3708-233C-4474-92F6-0256A8C0CE4E}"
EndProject
Project("{FAE04EC0-301F-11D3-BF4B-00C04F79EFBC}") = "Tyuiu.LeushinP.Sprint2.Task0.V26.Test", "Tyuiu.LeushinP.Sprint2.Task0.V26.Test\Tyuiu.LeushinP.Sprint2.Task0.V26.Test.csproj", "{51136705-F42D-4BBE-B482-5D8EC1296FCF}"
EndProject
Project("{FAE04EC0-301F-11D3-BF4B-00C04F79EFBC}") = "Tyuiu.LeushinP.Sprint2.Task0.V26.Lib", "Tyuiu.LeushinP.Sprint2.Task0.V26.Lib\Tyuiu.LeushinP.Sprint2.Task0.V26.Lib.csproj", "{68963CA2-2919-413E-AC91-F6469F5C22B8}"
EndProject
Project("{2150E333-8FDC-42A3-9474-1A3956D46DE8}") = "Task1", "Task1", "{E173FFB1-524D-4CE8-807F-65F35D7E3901}"
EndProject
Project("{FAE04EC0-301F-11D3-BF4B-00C04F79EFBC}") = "Tyuiu.LeushinP.Sprint2.Task1.V12", "Tyuiu.LeushinP.Sprint2.Task1.V12\Tyuiu.LeushinP.Sprint2.Task1.V12.csproj", "{467CBD20-167D-40AC-8511-922BDF2D674A}"
EndProject
Project("{FAE04EC0-301F-11D3-BF4B-00C04F79EFBC}") = "Tyuiu.LeushinP.Sprint2.Task1.V12.Lib", "Tyuiu.LeushinP.Sprint2.Task1.V12.Lib\Tyuiu.LeushinP.Sprint2.Task1.V12.Lib.csproj", "{A038D39B-82C8-40D6-B6BA-F0EA88F9E012}"
EndProject
Project("{FAE04EC0-301F-11D3-BF4B-00C04F79EFBC}") = "Tyuiu.LeushinP.Sprint2.Task1.V12.Test", "Tyuiu.LeushinP.Sprint2.Task1.V12.Test\Tyuiu.LeushinP.Sprint2.Task1.V12.Test.csproj", "{0EDCA1E9-D43F-4FBB-8E27-FA40FE6AB4F4}"
EndProject
Project("{2150E333-8FDC-42A3-9474-1A3956D46DE8}") = "Task2", "Task2", "{65CFC78F-648D-4E45-AD21-73032A078BE9}"
EndProject
Project("{FAE04EC0-301F-11D3-BF4B-00C04F79EFBC}") = "Tyuiu.LeushinP.Sprint2.Task2.V20", "Tyuiu.LeushinP.Sprint2.Task2.V20\Tyuiu.LeushinP.Sprint2.Task2.V20.csproj", "{CC17E9D5-BFC8-47CE-9C39-FF43600945B2}"
EndProject
Project("{FAE04EC0-301F-11D3-BF4B-00C04F79EFBC}") = "Tyuiu.LeushinP.Sprint2.Task2.V20.Test", "Tyuiu.LeushinP.Sprint2.Task2.V20.Test\Tyuiu.LeushinP.Sprint2.Task2.V20.Test.csproj", "{F295BE40-4C4D-413E-9A04-1CE2AEA7641B}"
EndProject
Project("{FAE04EC0-301F-11D3-BF4B-00C04F79EFBC}") = "Tyuiu.LeushinP.Sprint2.Task2.V20.Lib", "Tyuiu.LeushinP.Sprint2.Task2.V20.Lib\Tyuiu.LeushinP.Sprint2.Task2.V20.Lib.csproj", "{5E854806-37B3-48AC-BF92-20E6043A2A4D}"
EndProject
Project("{2150E333-8FDC-42A3-9474-1A3956D46DE8}") = "Task3", "Task3", "{FDBD6348-4CE9-4662-8FE5-B1D96E45F529}"
EndProject
Project("{FAE04EC0-301F-11D3-BF4B-00C04F79EFBC}") = "Tyuiu.LeushinP.Sprint2.Task3.V5", "Tyuiu.LeushinP.Sprint2.Task3.V5\Tyuiu.LeushinP.Sprint2.Task3.V5.csproj", "{202FB861-2520-4951-86D0-E5A83C1248C7}"
EndProject
Project("{FAE04EC0-301F-11D3-BF4B-00C04F79EFBC}") = "Tyuiu.LeushinP.Sprint2.Task3.V5.Lib", "Tyuiu.LeushinP.Sprint2.Task3.V5.Lib\Tyuiu.LeushinP.Sprint2.Task3.V5.Lib.csproj", "{0D6F3B24-E9B3-4E78-B7FA-31DA4BD34CAD}"
EndProject
Project("{FAE04EC0-301F-11D3-BF4B-00C04F79EFBC}") = "Tyuiu.LeushinP.Sprint2.Task3.V5.Test", "Tyuiu.LeushinP.Sprint2.Task3.V5.Test\Tyuiu.LeushinP.Sprint2.Task3.V5.Test.csproj", "{50255F2F-1C02-459E-B674-4570EF8A6ABC}"
EndProject
Project("{2150E333-8FDC-42A3-9474-1A3956D46DE8}") = "Task4", "Task4", "{2DE069F1-E2EF-4C79-884F-91B6FC1751D8}"
EndProject
Project("{FAE04EC0-301F-11D3-BF4B-00C04F79EFBC}") = "Tyuiu.LeushinP.Sprint2.Task4.V12", "Tyuiu.LeushinP.Sprint2.Task4.V12\Tyuiu.LeushinP.Sprint2.Task4.V12.csproj", "{9B2807A2-EBDF-4991-9BBD-DB52E8681A4B}"
EndProject
Project("{FAE04EC0-301F-11D3-BF4B-00C04F79EFBC}") = "Tyuiu.LeushinP.Sprint2.Task4.V12.Test", "Tyuiu.LeushinP.Sprint2.Task4.V12.Test\Tyuiu.LeushinP.Sprint2.Task4.V12.Test.csproj", "{916EB241-69E6-4D78-8C8E-B36B57A51658}"
EndProject
Project("{FAE04EC0-301F-11D3-BF4B-00C04F79EFBC}") = "Tyuiu.LeushinP.Sprint2.Task4.V12.Lib", "Tyuiu.LeushinP.Sprint2.Task4.V12.Lib\Tyuiu.LeushinP.Sprint2.Task4.V12.Lib.csproj", "{43848C85-F565-4BAA-A86D-FCB48ECD4063}"
EndProject
Project("{2150E333-8FDC-42A3-9474-1A3956D46DE8}") = "Task5", "Task5", "{81AB11BE-D9BC-41C6-B3D8-295FDD20E312}"
EndProject
Project("{FAE04EC0-301F-11D3-BF4B-00C04F79EFBC}") = "Tyuiu.LeushinP.Sprint2.Task5.V13", "Tyuiu.LeushinP.Sprint2.Task5.V13\Tyuiu.LeushinP.Sprint2.Task5.V13.csproj", "{F2588A4C-6A29-4F78-AF55-BB46E240CD50}"
EndProject
Project("{FAE04EC0-301F-11D3-BF4B-00C04F79EFBC}") = "Tyuiu.LeushinP.Sprint2.Task5.V13.Lib", "Tyuiu.LeushinP.Sprint2.Task5.V13.Lib\Tyuiu.LeushinP.Sprint2.Task5.V13.Lib.csproj", "{E99E6155-8344-4A41-A922-B802624CCAD8}"
EndProject
Project("{FAE04EC0-301F-11D3-BF4B-00C04F79EFBC}") = "Tyuiu.LeushinP.Sprint2.Task5.V13.Test", "Tyuiu.LeushinP.Sprint2.Task5.V13.Test\Tyuiu.LeushinP.Sprint2.Task5.V13.Test.csproj", "{70DE6BCD-F360-497D-8B48-0DE749EC1EFA}"
EndProject
Project("{2150E333-8FDC-42A3-9474-1A3956D46DE8}") = "Task6", "Task6", "{3C980896-F3E8-453C-9930-CE86C3E954F5}"
EndProject
Project("{FAE04EC0-301F-11D3-BF4B-00C04F79EFBC}") = "Tyuiu.LeushinP.Sprint2.Task6.V2", "Tyuiu.LeushinP.Sprint2.Task6.V2\Tyuiu.LeushinP.Sprint2.Task6.V2.csproj", "{7A754786-DA63-4EF6-AE8F-A10346ABE475}"
EndProject
Project("{FAE04EC0-301F-11D3-BF4B-00C04F79EFBC}") = "Tyuiu.LeushinP.Sprint2.Task6.V2.Test", "Tyuiu.LeushinP.Sprint2.Task6.V2.Test\Tyuiu.LeushinP.Sprint2.Task6.V2.Test.csproj", "{3A0378C9-9A7D-4F5C-94D9-77D92293BA38}"
EndProject
Project("{FAE04EC0-301F-11D3-BF4B-00C04F79EFBC}") = "Tyuiu.LeushinP.Sprint2.Task6.V2.Lib", "Tyuiu.LeushinP.Sprint2.Task6.V2.Lib\Tyuiu.LeushinP.Sprint2.Task6.V2.Lib.csproj", "{1C757072-2890-4AA1-BEBD-3AB43F3DBFC1}"
EndProject
Global
	GlobalSection(SolutionConfigurationPlatforms) = preSolution
		Debug|Any CPU = Debug|Any CPU
		Release|Any CPU = Release|Any CPU
	EndGlobalSection
	GlobalSection(ProjectConfigurationPlatforms) = postSolution
		{345F3708-233C-4474-92F6-0256A8C0CE4E}.Debug|Any CPU.ActiveCfg = Debug|Any CPU
		{345F3708-233C-4474-92F6-0256A8C0CE4E}.Debug|Any CPU.Build.0 = Debug|Any CPU
		{345F3708-233C-4474-92F6-0256A8C0CE4E}.Release|Any CPU.ActiveCfg = Release|Any CPU
		{345F3708-233C-4474-92F6-0256A8C0CE4E}.Release|Any CPU.Build.0 = Release|Any CPU
		{51136705-F42D-4BBE-B482-5D8EC1296FCF}.Debug|Any CPU.ActiveCfg = Debug|Any CPU
		{51136705-F42D-4BBE-B482-5D8EC1296FCF}.Debug|Any CPU.Build.0 = Debug|Any CPU
		{51136705-F42D-4BBE-B482-5D8EC1296FCF}.Release|Any CPU.ActiveCfg = Release|Any CPU
		{51136705-F42D-4BBE-B482-5D8EC1296FCF}.Release|Any CPU.Build.0 = Release|Any CPU
		{68963CA2-2919-413E-AC91-F6469F5C22B8}.Debug|Any CPU.ActiveCfg = Debug|Any CPU
		{68963CA2-2919-413E-AC91-F6469F5C22B8}.Debug|Any CPU.Build.0 = Debug|Any CPU
		{68963CA2-2919-413E-AC91-F6469F5C22B8}.Release|Any CPU.ActiveCfg = Release|Any CPU
		{68963CA2-2919-413E-AC91-F6469F5C22B8}.Release|Any CPU.Build.0 = Release|Any CPU
		{467CBD20-167D-40AC-8511-922BDF2D674A}.Debug|Any CPU.ActiveCfg = Debug|Any CPU
		{467CBD20-167D-40AC-8511-922BDF2D674A}.Debug|Any CPU.Build.0 = Debug|Any CPU
		{467CBD20-167D-40AC-8511-922BDF2D674A}.Release|Any CPU.ActiveCfg = Release|Any CPU
		{467CBD20-167D-40AC-8511-922BDF2D674A}.Release|Any CPU.Build.0 = Release|Any CPU
		{A038D39B-82C8-40D6-B6BA-F0EA88F9E012}.Debug|Any CPU.ActiveCfg = Debug|Any CPU
		{A038D39B-82C8-40D6-B6BA-F0EA88F9E012}.Debug|Any CPU.Build.0 = Debug|Any CPU
		{A038D39B-82C8-40D6-B6BA-F0EA88F9E012}.Release|Any CPU.ActiveCfg = Release|Any CPU
		{A038D39B-82C8-40D6-B6BA-F0EA88F9E012}.Release|Any CPU.Build.0 = Release|Any CPU
		{0EDCA1E9-D43F-4FBB-8E27-FA40FE6AB4F4}.Debug|Any CPU.ActiveCfg = Debug|Any CPU
		{0EDCA1E9-D43F-4FBB-8E27-FA40FE6AB4F4}.Debug|Any CPU.Build.0 = Debug|Any CPU
		{0EDCA1E9-D43F-4FBB-8E27-FA40FE6AB4F4}.Release|Any CPU.ActiveCfg = Release|Any CPU
		{0EDCA1E9-D43F-4FBB-8E27-FA40FE6AB4F4}.Release|Any CPU.Build.0 = Release|Any CPU
		{CC17E9D5-BFC8-47CE-9C39-FF43600945B2}.Debug|Any CPU.ActiveCfg = Debug|Any CPU
		{CC17E9D5-BFC8-47CE-9C39-FF43600945B2}.Debug|Any CPU.Build.0 = Debug|Any CPU
		{CC17E9D5-BFC8-47CE-9C39-FF43600945B2}.Release|Any CPU.ActiveCfg = Release|Any CPU
		{CC17E9D5-BFC8-47CE-9C39-FF43600945B2}.Release|Any CPU.Build.0 = Release|Any CPU
		{F295BE40-4C4D-413E-9A04-1CE2AEA7641B}.Debug|Any CPU.ActiveCfg = Debug|Any CPU
		{F295BE40-4C4D-413E-9A04-1CE2AEA7641B}.Debug|Any CPU.Build.0 = Debug|Any CPU
		{F295BE40-4C4D-413E-9A04-1CE2AEA7641B}.Release|Any CPU.ActiveCfg = Release|Any CPU
		{F295BE40-4C4D-413E-9A04-1CE2AEA7641B}.Release|Any CPU.Build.0 = Release|Any CPU
		{5E854806-37B3-48AC-BF92-20E6043A2A4D}.Debug|Any CPU.ActiveCfg = Debug|Any CPU
		{5E854806-37B3-48AC-BF92-20E6043A2A4D}.Debug|Any CPU.Build.0 = Debug|Any CPU
		{5E854806-37B3-48AC-BF92-20E6043A2A4D}.Release|Any CPU.ActiveCfg = Release|Any CPU
		{5E854806-37B3-48AC-BF92-20E6043A2A4D}.Release|Any CPU.Build.0 = Release|Any CPU
		{202FB861-2520-4951-86D0-E5A83C1248C7}.Debug|Any CPU.ActiveCfg = Debug|Any CPU
		{202FB861-2520-4951-86D0-E5A83C1248C7}.Debug|Any CPU.Build.0 = Debug|Any CPU
		{202FB861-2520-4951-86D0-E5A83C1248C7}.Release|Any CPU.ActiveCfg = Release|Any CPU
		{202FB861-2520-4951-86D0-E5A83C1248C7}.Release|Any CPU.Build.0 = Release|Any CPU
		{0D6F3B24-E9B3-4E78-B7FA-31DA4BD34CAD}.Debug|Any CPU.ActiveCfg = Debug|Any CPU
		{0D6F3B24-E9B3-4E78-B7FA-31DA4BD34CAD}.Debug|Any CPU.Build.0 = Debug|Any CPU
		{0D6F3B24-E9B3-4E78-B7FA-31DA4BD34CAD}.Release|Any CPU.ActiveCfg = Release|Any CPU
		{0D6F3B24-E9B3-4E78-B7FA-31DA4BD34CAD}.Release|Any CPU.Build.0 = Release|Any CPU
		{50255F2F-1C02-459E-B674-4570EF8A6ABC}.Debug|Any CPU.ActiveCfg = Debug|Any CPU
		{50255F2F-1C02-459E-B674-4570EF8A6ABC}.Debug|Any CPU.Build.0 = Debug|Any CPU
		{50255F2F-1C02-459E-B674-4570EF8A6ABC}.Release|Any CPU.ActiveCfg = Release|Any CPU
		{50255F2F-1C02-459E-B674-4570EF8A6ABC}.Release|Any CPU.Build.0 = Release|Any CPU
		{9B2807A2-EBDF-4991-9BBD-DB52E8681A4B}.Debug|Any CPU.ActiveCfg = Debug|Any CPU
		{9B2807A2-EBDF-4991-9BBD-DB52E8681A4B}.Debug|Any CPU.Build.0 = Debug|Any CPU
		{9B2807A2-EBDF-4991-9BBD-DB52E8681A4B}.Release|Any CPU.ActiveCfg = Release|Any CPU
		{9B2807A2-EBDF-4991-9BBD-DB52E8681A4B}.Release|Any CPU.Build.0 = Release|Any CPU
		{916EB241-69E6-4D78-8C8E-B36B57A51658}.Debug|Any CPU.ActiveCfg = Debug|Any CPU
		{916EB241-69E6-4D78-8C8E-B36B57A51658}.Debug|Any CPU.Build.0 = Debug|Any CPU
		{916EB241-69E6-4D78-8C8E-B36B57A51658}.Release|Any CPU.ActiveCfg = Release|Any CPU
		{916EB241-69E6-4D78-8C8E-B36B57A51658}.Release|Any CPU.Build.0 = Release|Any CPU
		{43848C85-F565-4BAA-A86D-FCB48ECD4063}.Debug|Any CPU.ActiveCfg = Debug|Any CPU
		{43848C85-F565-4BAA-A86D-FCB48ECD4063}.Debug|Any CPU.Build.0 = Debug|Any CPU
		{43848C85-F565-4BAA-A86D-FCB48ECD4063}.Release|Any CPU.ActiveCfg = Release|Any CPU
		{43848C85-F565-4BAA-A86D-FCB48ECD4063}.Release|Any CPU.Build.0 = Release|Any CPU
		{F2588A4C-6A29-4F78-AF55-BB46E240CD50}.Debug|Any CPU.ActiveCfg = Debug|Any CPU
		{F2588A4C-6A29-4F78-AF55-BB46E240CD50}.Debug|Any CPU.Build.0 = Debug|Any CPU
		{F2588A4C-6A29-4F78-AF55-BB46E240CD50}.Release|Any CPU.ActiveCfg = Release|Any CPU
		{F2588A4C-6A29-4F78-AF55-BB46E240CD50}.Release|Any CPU.Build.0 = Release|Any CPU
		{E99E6155-8344-4A41-A922-B802624CCAD8}.Debug|Any CPU.ActiveCfg = Debug|Any CPU
		{E99E6155-8344-4A41-A922-B802624CCAD8}.Debug|Any CPU.Build.0 = Debug|Any CPU
		{E99E6155-8344-4A41-A922-B802624CCAD8}.Release|Any CPU.ActiveCfg = Release|Any CPU
		{E99E6155-8344-4A41-A922-B802624CCAD8}.Release|Any CPU.Build.0 = Release|Any CPU
		{70DE6BCD-F360-497D-8B48-0DE749EC1EFA}.Debug|Any CPU.ActiveCfg = Debug|Any CPU
		{70DE6BCD-F360-497D-8B48-0DE749EC1EFA}.Debug|Any CPU.Build.0 = Debug|Any CPU
		{70DE6BCD-F360-497D-8B48-0DE749EC1EFA}.Release|Any CPU.ActiveCfg = Release|Any CPU
		{70DE6BCD-F360-497D-8B48-0DE749EC1EFA}.Release|Any CPU.Build.0 = Release|Any CPU
		{7A754786-DA63-4EF6-AE8F-A10346ABE475}.Debug|Any CPU.ActiveCfg = Debug|Any CPU
		{7A754786-DA63-4EF6-AE8F-A10346ABE475}.Debug|Any CPU.Build.0 = Debug|Any CPU
		{7A754786-DA63-4EF6-AE8F-A10346ABE475}.Release|Any CPU.ActiveCfg = Release|Any CPU
		{7A754786-DA63-4EF6-AE8F-A10346ABE475}.Release|Any CPU.Build.0 = Release|Any CPU
		{3A0378C9-9A7D-4F5C-94D9-77D92293BA38}.Debug|Any CPU.ActiveCfg = Debug|Any CPU
		{3A0378C9-9A7D-4F5C-94D9-77D92293BA38}.Debug|Any CPU.Build.0 = Debug|Any CPU
		{3A0378C9-9A7D-4F5C-94D9-77D92293BA38}.Release|Any CPU.ActiveCfg = Release|Any CPU
		{3A0378C9-9A7D-4F5C-94D9-77D92293BA38}.Release|Any CPU.Build.0 = Release|Any CPU
		{1C757072-2890-4AA1-BEBD-3AB43F3DBFC1}.Debug|Any CPU.ActiveCfg = Debug|Any CPU
		{1C757072-2890-4AA1-BEBD-3AB43F3DBFC1}.Debug|Any CPU.Build.0 = Debug|Any CPU
		{1C757072-2890-4AA1-BEBD-3AB43F3DBFC1}.Release|Any CPU.ActiveCfg = Release|Any CPU
		{1C757072-2890-4AA1-BEBD-3AB43F3DBFC1}.Release|Any CPU.Build.0 = Release|Any CPU
	EndGlobalSection
	GlobalSection(SolutionProperties) = preSolution
		HideSolutionNode = FALSE
	EndGlobalSection
	GlobalSection(NestedProjects) = preSolution
		{345F3708-233C-4474-92F6-0256A8C0CE4E} = {02EA681E-C7D8-13C7-8484-4AC65E1B71E8}
		{51136705-F42D-4BBE-B482-5D8EC1296FCF} = {02EA681E-C7D8-13C7-8484-4AC65E1B71E8}
		{68963CA2-2919-413E-AC91-F6469F5C22B8} = {02EA681E-C7D8-13C7-8484-4AC65E1B71E8}
		{467CBD20-167D-40AC-8511-922BDF2D674A} = {E173FFB1-524D-4CE8-807F-65F35D7E3901}
		{A038D39B-82C8-40D6-B6BA-F0EA88F9E012} = {E173FFB1-524D-4CE8-807F-65F35D7E3901}
		{0EDCA1E9-D43F-4FBB-8E27-FA40FE6AB4F4} = {E173FFB1-524D-4CE8-807F-65F35D7E3901}
		{CC17E9D5-BFC8-47CE-9C39-FF43600945B2} = {65CFC78F-648D-4E45-AD21-73032A078BE9}
		{F295BE40-4C4D-413E-9A04-1CE2AEA7641B} = {65CFC78F-648D-4E45-AD21-73032A078BE9}
		{5E854806-37B3-48AC-BF92-20E6043A2A4D} = {65CFC78F-648D-4E45-AD21-73032A078BE9}
		{202FB861-2520-4951-86D0-E5A83C1248C7} = {FDBD6348-4CE9-4662-8FE5-B1D96E45F529}
		{0D6F3B24-E9B3-4E78-B7FA-31DA4BD34CAD} = {FDBD6348-4CE9-4662-8FE5-B1D96E45F529}
		{50255F2F-1C02-459E-B674-4570EF8A6ABC} = {FDBD6348-4CE9-4662-8FE5-B1D96E45F529}
		{9B2807A2-EBDF-4991-9BBD-DB52E8681A4B} = {2DE069F1-E2EF-4C79-884F-91B6FC1751D8}
		{916EB241-69E6-4D78-8C8E-B36B57A51658} = {2DE069F1-E2EF-4C79-884F-91B6FC1751D8}
		{43848C85-F565-4BAA-A86D-FCB48ECD4063} = {2DE069F1-E2EF-4C79-884F-91B6FC1751D8}
		{F2588A4C-6A29-4F78-AF55-BB46E240CD50} = {81AB11BE-D9BC-41C6-B3D8-295FDD20E312}
		{E99E6155-8344-4A41-A922-B802624CCAD8} = {81AB11BE-D9BC-41C6-B3D8-295FDD20E312}
		{70DE6BCD-F360-497D-8B48-0DE749EC1EFA} = {81AB11BE-D9BC-41C6-B3D8-295FDD20E312}
		{7A754786-DA63-4EF6-AE8F-A10346ABE475} = {3C980896-F3E8-453C-9930-CE86C3E954F5}
		{3A0378C9-9A7D-4F5C-94D9-77D92293BA38} = {3C980896-F3E8-453C-9930-CE86C3E954F5}
		{1C757072-2890-4AA1-BEBD-3AB43F3DBFC1} = {3C980896-F3E8-453C-9930-CE86C3E954F5}
	EndGlobalSection
	GlobalSection(ExtensibilityGlobals) = postSolution
		SolutionGuid = {F59B8AD5-ED9F-4B35-B5EB-22BE395C4CC9}
	EndGlobalSection
EndGlobal
